// !$*UTF8*$!
{
	archiveVersion = 1;
	classes = {
	};
	objectVersion = 56;
	objects = {

/* Begin PBXBuildFile section */
		04ECE6D52B87081F004A4280 /* Rick_and_MortyApp.swift in Sources */ = {isa = PBXBuildFile; fileRef = 04ECE6D42B87081F004A4280 /* Rick_and_MortyApp.swift */; };
		04ECE6D72B87081F004A4280 /* ContentView.swift in Sources */ = {isa = PBXBuildFile; fileRef = 04ECE6D62B87081F004A4280 /* ContentView.swift */; };
		04ECE6D92B870821004A4280 /* Assets.xcassets in Resources */ = {isa = PBXBuildFile; fileRef = 04ECE6D82B870821004A4280 /* Assets.xcassets */; };
		04ECE6DC2B870821004A4280 /* Preview Assets.xcassets in Resources */ = {isa = PBXBuildFile; fileRef = 04ECE6DB2B870821004A4280 /* Preview Assets.xcassets */; };
		04ECE6E62B870821004A4280 /* Rick_and_MortyTests.swift in Sources */ = {isa = PBXBuildFile; fileRef = 04ECE6E52B870821004A4280 /* Rick_and_MortyTests.swift */; };
		04ECE6F02B870821004A4280 /* Rick_and_MortyUITests.swift in Sources */ = {isa = PBXBuildFile; fileRef = 04ECE6EF2B870821004A4280 /* Rick_and_MortyUITests.swift */; };
		04ECE6F22B870821004A4280 /* Rick_and_MortyUITestsLaunchTests.swift in Sources */ = {isa = PBXBuildFile; fileRef = 04ECE6F12B870821004A4280 /* Rick_and_MortyUITestsLaunchTests.swift */; };
/* End PBXBuildFile section */

/* Begin PBXContainerItemProxy section */
		04ECE6E22B870821004A4280 /* PBXContainerItemProxy */ = {
			isa = PBXContainerItemProxy;
			containerPortal = 04ECE6C92B87081E004A4280 /* Project object */;
			proxyType = 1;
			remoteGlobalIDString = 04ECE6D02B87081F004A4280;
			remoteInfo = "Rick and Morty";
		};
		04ECE6EC2B870821004A4280 /* PBXContainerItemProxy */ = {
			isa = PBXContainerItemProxy;
			containerPortal = 04ECE6C92B87081E004A4280 /* Project object */;
			proxyType = 1;
			remoteGlobalIDString = 04ECE6D02B87081F004A4280;
			remoteInfo = "Rick and Morty";
		};
/* End PBXContainerItemProxy section */

/* Begin PBXFileReference section */
		04ECE6D12B87081F004A4280 /* Rick and Morty.app */ = {isa = PBXFileReference; explicitFileType = wrapper.application; includeInIndex = 0; path = "Rick and Morty.app"; sourceTree = BUILT_PRODUCTS_DIR; };
		04ECE6D42B87081F004A4280 /* Rick_and_MortyApp.swift */ = {isa = PBXFileReference; lastKnownFileType = sourcecode.swift; path = Rick_and_MortyApp.swift; sourceTree = "<group>"; };
		04ECE6D62B87081F004A4280 /* ContentView.swift */ = {isa = PBXFileReference; lastKnownFileType = sourcecode.swift; path = ContentView.swift; sourceTree = "<group>"; };
		04ECE6D82B870821004A4280 /* Assets.xcassets */ = {isa = PBXFileReference; lastKnownFileType = folder.assetcatalog; path = Assets.xcassets; sourceTree = "<group>"; };
		04ECE6DB2B870821004A4280 /* Preview Assets.xcassets */ = {isa = PBXFileReference; lastKnownFileType = folder.assetcatalog; path = "Preview Assets.xcassets"; sourceTree = "<group>"; };
		04ECE6E12B870821004A4280 /* Rick and MortyTests.xctest */ = {isa = PBXFileReference; explicitFileType = wrapper.cfbundle; includeInIndex = 0; path = "Rick and MortyTests.xctest"; sourceTree = BUILT_PRODUCTS_DIR; };
		04ECE6E52B870821004A4280 /* Rick_and_MortyTests.swift */ = {isa = PBXFileReference; lastKnownFileType = sourcecode.swift; path = Rick_and_MortyTests.swift; sourceTree = "<group>"; };
		04ECE6EB2B870821004A4280 /* Rick and MortyUITests.xctest */ = {isa = PBXFileReference; explicitFileType = wrapper.cfbundle; includeInIndex = 0; path = "Rick and MortyUITests.xctest"; sourceTree = BUILT_PRODUCTS_DIR; };
		04ECE6EF2B870821004A4280 /* Rick_and_MortyUITests.swift */ = {isa = PBXFileReference; lastKnownFileType = sourcecode.swift; path = Rick_and_MortyUITests.swift; sourceTree = "<group>"; };
		04ECE6F12B870821004A4280 /* Rick_and_MortyUITestsLaunchTests.swift */ = {isa = PBXFileReference; lastKnownFileType = sourcecode.swift; path = Rick_and_MortyUITestsLaunchTests.swift; sourceTree = "<group>"; };
/* End PBXFileReference section */

/* Begin PBXFrameworksBuildPhase section */
		04ECE6CE2B87081F004A4280 /* Frameworks */ = {
			isa = PBXFrameworksBuildPhase;
			buildActionMask = 2147483647;
			files = (
			);
			runOnlyForDeploymentPostprocessing = 0;
		};
		04ECE6DE2B870821004A4280 /* Frameworks */ = {
			isa = PBXFrameworksBuildPhase;
			buildActionMask = 2147483647;
			files = (
			);
			runOnlyForDeploymentPostprocessing = 0;
		};
		04ECE6E82B870821004A4280 /* Frameworks */ = {
			isa = PBXFrameworksBuildPhase;
			buildActionMask = 2147483647;
			files = (
			);
			runOnlyForDeploymentPostprocessing = 0;
		};
/* End PBXFrameworksBuildPhase section */

/* Begin PBXGroup section */
		04ECE6C82B87081E004A4280 = {
			isa = PBXGroup;
			children = (
				04ECE6D32B87081F004A4280 /* Rick and Morty */,
				04ECE6E42B870821004A4280 /* Rick and MortyTests */,
				04ECE6EE2B870821004A4280 /* Rick and MortyUITests */,
				04ECE6D22B87081F004A4280 /* Products */,
			);
			sourceTree = "<group>";
		};
		04ECE6D22B87081F004A4280 /* Products */ = {
			isa = PBXGroup;
			children = (
				04ECE6D12B87081F004A4280 /* Rick and Morty.app */,
				04ECE6E12B870821004A4280 /* Rick and MortyTests.xctest */,
				04ECE6EB2B870821004A4280 /* Rick and MortyUITests.xctest */,
			);
			name = Products;
			sourceTree = "<group>";
		};
		04ECE6D32B87081F004A4280 /* Rick and Morty */ = {
			isa = PBXGroup;
			children = (
				04ECE6D42B87081F004A4280 /* Rick_and_MortyApp.swift */,
				04ECE6D62B87081F004A4280 /* ContentView.swift */,
				04ECE6D82B870821004A4280 /* Assets.xcassets */,
				04ECE6DA2B870821004A4280 /* Preview Content */,
			);
			path = "Rick and Morty";
			sourceTree = "<group>";
		};
		04ECE6DA2B870821004A4280 /* Preview Content */ = {
			isa = PBXGroup;
			children = (
				04ECE6DB2B870821004A4280 /* Preview Assets.xcassets */,
			);
			path = "Preview Content";
			sourceTree = "<group>";
		};
		04ECE6E42B870821004A4280 /* Rick and MortyTests */ = {
			isa = PBXGroup;
			children = (
				04ECE6E52B870821004A4280 /* Rick_and_MortyTests.swift */,
			);
			path = "Rick and MortyTests";
			sourceTree = "<group>";
		};
		04ECE6EE2B870821004A4280 /* Rick and MortyUITests */ = {
			isa = PBXGroup;
			children = (
				04ECE6EF2B870821004A4280 /* Rick_and_MortyUITests.swift */,
				04ECE6F12B870821004A4280 /* Rick_and_MortyUITestsLaunchTests.swift */,
			);
			path = "Rick and MortyUITests";
			sourceTree = "<group>";
		};
/* End PBXGroup section */

/* Begin PBXNativeTarget section */
		04ECE6D02B87081F004A4280 /* Rick and Morty */ = {
			isa = PBXNativeTarget;
			buildConfigurationList = 04ECE6F52B870821004A4280 /* Build configuration list for PBXNativeTarget "Rick and Morty" */;
			buildPhases = (
				04ECE6CD2B87081F004A4280 /* Sources */,
				04ECE6CE2B87081F004A4280 /* Frameworks */,
				04ECE6CF2B87081F004A4280 /* Resources */,
			);
			buildRules = (
			);
			dependencies = (
			);
			name = "Rick and Morty";
			productName = "Rick and Morty";
			productReference = 04ECE6D12B87081F004A4280 /* Rick and Morty.app */;
			productType = "com.apple.product-type.application";
		};
		04ECE6E02B870821004A4280 /* Rick and MortyTests */ = {
			isa = PBXNativeTarget;
			buildConfigurationList = 04ECE6F82B870821004A4280 /* Build configuration list for PBXNativeTarget "Rick and MortyTests" */;
			buildPhases = (
				04ECE6DD2B870821004A4280 /* Sources */,
				04ECE6DE2B870821004A4280 /* Frameworks */,
				04ECE6DF2B870821004A4280 /* Resources */,
			);
			buildRules = (
			);
			dependencies = (
				04ECE6E32B870821004A4280 /* PBXTargetDependency */,
			);
			name = "Rick and MortyTests";
			productName = "Rick and MortyTests";
			productReference = 04ECE6E12B870821004A4280 /* Rick and MortyTests.xctest */;
			productType = "com.apple.product-type.bundle.unit-test";
		};
		04ECE6EA2B870821004A4280 /* Rick and MortyUITests */ = {
			isa = PBXNativeTarget;
			buildConfigurationList = 04ECE6FB2B870821004A4280 /* Build configuration list for PBXNativeTarget "Rick and MortyUITests" */;
			buildPhases = (
				04ECE6E72B870821004A4280 /* Sources */,
				04ECE6E82B870821004A4280 /* Frameworks */,
				04ECE6E92B870821004A4280 /* Resources */,
			);
			buildRules = (
			);
			dependencies = (
				04ECE6ED2B870821004A4280 /* PBXTargetDependency */,
			);
			name = "Rick and MortyUITests";
			productName = "Rick and MortyUITests";
			productReference = 04ECE6EB2B870821004A4280 /* Rick and MortyUITests.xctest */;
			productType = "com.apple.product-type.bundle.ui-testing";
		};
/* End PBXNativeTarget section */

/* Begin PBXProject section */
		04ECE6C92B87081E004A4280 /* Project object */ = {
			isa = PBXProject;
			attributes = {
				BuildIndependentTargetsInParallel = 1;
				LastSwiftUpdateCheck = 1430;
				LastUpgradeCheck = 1430;
				TargetAttributes = {
					04ECE6D02B87081F004A4280 = {
						CreatedOnToolsVersion = 14.3.1;
					};
					04ECE6E02B870821004A4280 = {
						CreatedOnToolsVersion = 14.3.1;
						TestTargetID = 04ECE6D02B87081F004A4280;
					};
					04ECE6EA2B870821004A4280 = {
						CreatedOnToolsVersion = 14.3.1;
						TestTargetID = 04ECE6D02B87081F004A4280;
					};
				};
			};
			buildConfigurationList = 04ECE6CC2B87081E004A4280 /* Build configuration list for PBXProject "Rick and Morty" */;
			compatibilityVersion = "Xcode 14.0";
			developmentRegion = en;
			hasScannedForEncodings = 0;
			knownRegions = (
				en,
				Base,
			);
			mainGroup = 04ECE6C82B87081E004A4280;
			productRefGroup = 04ECE6D22B87081F004A4280 /* Products */;
			projectDirPath = "";
			projectRoot = "";
			targets = (
				04ECE6D02B87081F004A4280 /* Rick and Morty */,
				04ECE6E02B870821004A4280 /* Rick and MortyTests */,
				04ECE6EA2B870821004A4280 /* Rick and MortyUITests */,
			);
		};
/* End PBXProject section */

/* Begin PBXResourcesBuildPhase section */
		04ECE6CF2B87081F004A4280 /* Resources */ = {
			isa = PBXResourcesBuildPhase;
			buildActionMask = 2147483647;
			files = (
				04ECE6DC2B870821004A4280 /* Preview Assets.xcassets in Resources */,
				04ECE6D92B870821004A4280 /* Assets.xcassets in Resources */,
			);
			runOnlyForDeploymentPostprocessing = 0;
		};
		04ECE6DF2B870821004A4280 /* Resources */ = {
			isa = PBXResourcesBuildPhase;
			buildActionMask = 2147483647;
			files = (
			);
			runOnlyForDeploymentPostprocessing = 0;
		};
		04ECE6E92B870821004A4280 /* Resources */ = {
			isa = PBXResourcesBuildPhase;
			buildActionMask = 2147483647;
			files = (
			);
			runOnlyForDeploymentPostprocessing = 0;
		};
/* End PBXResourcesBuildPhase section */

/* Begin PBXSourcesBuildPhase section */
		04ECE6CD2B87081F004A4280 /* Sources */ = {
			isa = PBXSourcesBuildPhase;
			buildActionMask = 2147483647;
			files = (
				04ECE6D72B87081F004A4280 /* ContentView.swift in Sources */,
				04ECE6D52B87081F004A4280 /* Rick_and_MortyApp.swift in Sources */,
			);
			runOnlyForDeploymentPostprocessing = 0;
		};
		04ECE6DD2B870821004A4280 /* Sources */ = {
			isa = PBXSourcesBuildPhase;
			buildActionMask = 2147483647;
			files = (
				04ECE6E62B870821004A4280 /* Rick_and_MortyTests.swift in Sources */,
			);
			runOnlyForDeploymentPostprocessing = 0;
		};
		04ECE6E72B870821004A4280 /* Sources */ = {
			isa = PBXSourcesBuildPhase;
			buildActionMask = 2147483647;
			files = (
				04ECE6F02B870821004A4280 /* Rick_and_MortyUITests.swift in Sources */,
				04ECE6F22B870821004A4280 /* Rick_and_MortyUITestsLaunchTests.swift in Sources */,
			);
			runOnlyForDeploymentPostprocessing = 0;
		};
/* End PBXSourcesBuildPhase section */

/* Begin PBXTargetDependency section */
		04ECE6E32B870821004A4280 /* PBXTargetDependency */ = {
			isa = PBXTargetDependency;
			target = 04ECE6D02B87081F004A4280 /* Rick and Morty */;
			targetProxy = 04ECE6E22B870821004A4280 /* PBXContainerItemProxy */;
		};
		04ECE6ED2B870821004A4280 /* PBXTargetDependency */ = {
			isa = PBXTargetDependency;
			target = 04ECE6D02B87081F004A4280 /* Rick and Morty */;
			targetProxy = 04ECE6EC2B870821004A4280 /* PBXContainerItemProxy */;
		};
/* End PBXTargetDependency section */

/* Begin XCBuildConfiguration section */
		04ECE6F32B870821004A4280 /* Debug */ = {
			isa = XCBuildConfiguration;
			buildSettings = {
				ALWAYS_SEARCH_USER_PATHS = NO;
				CLANG_ANALYZER_NONNULL = YES;
				CLANG_ANALYZER_NUMBER_OBJECT_CONVERSION = YES_AGGRESSIVE;
				CLANG_CXX_LANGUAGE_STANDARD = "gnu++20";
				CLANG_ENABLE_MODULES = YES;
				CLANG_ENABLE_OBJC_ARC = YES;
				CLANG_ENABLE_OBJC_WEAK = YES;
				CLANG_WARN_BLOCK_CAPTURE_AUTORELEASING = YES;
				CLANG_WARN_BOOL_CONVERSION = YES;
				CLANG_WARN_COMMA = YES;
				CLANG_WARN_CONSTANT_CONVERSION = YES;
				CLANG_WARN_DEPRECATED_OBJC_IMPLEMENTATIONS = YES;
				CLANG_WARN_DIRECT_OBJC_ISA_USAGE = YES_ERROR;
				CLANG_WARN_DOCUMENTATION_COMMENTS = YES;
				CLANG_WARN_EMPTY_BODY = YES;
				CLANG_WARN_ENUM_CONVERSION = YES;
				CLANG_WARN_INFINITE_RECURSION = YES;
				CLANG_WARN_INT_CONVERSION = YES;
				CLANG_WARN_NON_LITERAL_NULL_CONVERSION = YES;
				CLANG_WARN_OBJC_IMPLICIT_RETAIN_SELF = YES;
				CLANG_WARN_OBJC_LITERAL_CONVERSION = YES;
				CLANG_WARN_OBJC_ROOT_CLASS = YES_ERROR;
				CLANG_WARN_QUOTED_INCLUDE_IN_FRAMEWORK_HEADER = YES;
				CLANG_WARN_RANGE_LOOP_ANALYSIS = YES;
				CLANG_WARN_STRICT_PROTOTYPES = YES;
				CLANG_WARN_SUSPICIOUS_MOVE = YES;
				CLANG_WARN_UNGUARDED_AVAILABILITY = YES_AGGRESSIVE;
				CLANG_WARN_UNREACHABLE_CODE = YES;
				CLANG_WARN__DUPLICATE_METHOD_MATCH = YES;
				COPY_PHASE_STRIP = NO;
				DEBUG_INFORMATION_FORMAT = dwarf;
				ENABLE_STRICT_OBJC_MSGSEND = YES;
				ENABLE_TESTABILITY = YES;
				GCC_C_LANGUAGE_STANDARD = gnu11;
				GCC_DYNAMIC_NO_PIC = NO;
				GCC_NO_COMMON_BLOCKS = YES;
				GCC_OPTIMIZATION_LEVEL = 0;
				GCC_PREPROCESSOR_DEFINITIONS = (
					"DEBUG=1",
					"$(inherited)",
				);
				GCC_WARN_64_TO_32_BIT_CONVERSION = YES;
				GCC_WARN_ABOUT_RETURN_TYPE = YES_ERROR;
				GCC_WARN_UNDECLARED_SELECTOR = YES;
				GCC_WARN_UNINITIALIZED_AUTOS = YES_AGGRESSIVE;
				GCC_WARN_UNUSED_FUNCTION = YES;
				GCC_WARN_UNUSED_VARIABLE = YES;
				IPHONEOS_DEPLOYMENT_TARGET = 16.4;
				MTL_ENABLE_DEBUG_INFO = INCLUDE_SOURCE;
				MTL_FAST_MATH = YES;
				ONLY_ACTIVE_ARCH = YES;
				SDKROOT = iphoneos;
				SWIFT_ACTIVE_COMPILATION_CONDITIONS = DEBUG;
				SWIFT_OPTIMIZATION_LEVEL = "-Onone";
			};
			name = Debug;
		};
		04ECE6F42B870821004A4280 /* Release */ = {
			isa = XCBuildConfiguration;
			buildSettings = {
				ALWAYS_SEARCH_USER_PATHS = NO;
				CLANG_ANALYZER_NONNULL = YES;
				CLANG_ANALYZER_NUMBER_OBJECT_CONVERSION = YES_AGGRESSIVE;
				CLANG_CXX_LANGUAGE_STANDARD = "gnu++20";
				CLANG_ENABLE_MODULES = YES;
				CLANG_ENABLE_OBJC_ARC = YES;
				CLANG_ENABLE_OBJC_WEAK = YES;
				CLANG_WARN_BLOCK_CAPTURE_AUTORELEASING = YES;
				CLANG_WARN_BOOL_CONVERSION = YES;
				CLANG_WARN_COMMA = YES;
				CLANG_WARN_CONSTANT_CONVERSION = YES;
				CLANG_WARN_DEPRECATED_OBJC_IMPLEMENTATIONS = YES;
				CLANG_WARN_DIRECT_OBJC_ISA_USAGE = YES_ERROR;
				CLANG_WARN_DOCUMENTATION_COMMENTS = YES;
				CLANG_WARN_EMPTY_BODY = YES;
				CLANG_WARN_ENUM_CONVERSION = YES;
				CLANG_WARN_INFINITE_RECURSION = YES;
				CLANG_WARN_INT_CONVERSION = YES;
				CLANG_WARN_NON_LITERAL_NULL_CONVERSION = YES;
				CLANG_WARN_OBJC_IMPLICIT_RETAIN_SELF = YES;
				CLANG_WARN_OBJC_LITERAL_CONVERSION = YES;
				CLANG_WARN_OBJC_ROOT_CLASS = YES_ERROR;
				CLANG_WARN_QUOTED_INCLUDE_IN_FRAMEWORK_HEADER = YES;
				CLANG_WARN_RANGE_LOOP_ANALYSIS = YES;
				CLANG_WARN_STRICT_PROTOTYPES = YES;
				CLANG_WARN_SUSPICIOUS_MOVE = YES;
				CLANG_WARN_UNGUARDED_AVAILABILITY = YES_AGGRESSIVE;
				CLANG_WARN_UNREACHABLE_CODE = YES;
				CLANG_WARN__DUPLICATE_METHOD_MATCH = YES;
				COPY_PHASE_STRIP = NO;
				DEBUG_INFORMATION_FORMAT = "dwarf-with-dsym";
				ENABLE_NS_ASSERTIONS = NO;
				ENABLE_STRICT_OBJC_MSGSEND = YES;
				GCC_C_LANGUAGE_STANDARD = gnu11;
				GCC_NO_COMMON_BLOCKS = YES;
				GCC_WARN_64_TO_32_BIT_CONVERSION = YES;
				GCC_WARN_ABOUT_RETURN_TYPE = YES_ERROR;
				GCC_WARN_UNDECLARED_SELECTOR = YES;
				GCC_WARN_UNINITIALIZED_AUTOS = YES_AGGRESSIVE;
				GCC_WARN_UNUSED_FUNCTION = YES;
				GCC_WARN_UNUSED_VARIABLE = YES;
				IPHONEOS_DEPLOYMENT_TARGET = 16.4;
				MTL_ENABLE_DEBUG_INFO = NO;
				MTL_FAST_MATH = YES;
				SDKROOT = iphoneos;
				SWIFT_COMPILATION_MODE = wholemodule;
				SWIFT_OPTIMIZATION_LEVEL = "-O";
				VALIDATE_PRODUCT = YES;
			};
			name = Release;
		};
		04ECE6F62B870821004A4280 /* Debug */ = {
			isa = XCBuildConfiguration;
			buildSettings = {
				ASSETCATALOG_COMPILER_APPICON_NAME = AppIcon;
				ASSETCATALOG_COMPILER_GLOBAL_ACCENT_COLOR_NAME = AccentColor;
				CODE_SIGN_STYLE = Automatic;
				CURRENT_PROJECT_VERSION = 1;
				DEVELOPMENT_ASSET_PATHS = "\"Rick and Morty/Preview Content\"";
				DEVELOPMENT_TEAM = T7N7KLZ243;
				ENABLE_PREVIEWS = YES;
				GENERATE_INFOPLIST_FILE = YES;
				INFOPLIST_KEY_UIApplicationSceneManifest_Generation = YES;
				INFOPLIST_KEY_UIApplicationSupportsIndirectInputEvents = YES;
				INFOPLIST_KEY_UILaunchScreen_Generation = YES;
				INFOPLIST_KEY_UISupportedInterfaceOrientations_iPad = "UIInterfaceOrientationPortrait UIInterfaceOrientationPortraitUpsideDown UIInterfaceOrientationLandscapeLeft UIInterfaceOrientationLandscapeRight";
				INFOPLIST_KEY_UISupportedInterfaceOrientations_iPhone = "UIInterfaceOrientationPortrait UIInterfaceOrientationLandscapeLeft UIInterfaceOrientationLandscapeRight";
				LD_RUNPATH_SEARCH_PATHS = (
					"$(inherited)",
					"@executable_path/Frameworks",
				);
				MARKETING_VERSION = 1.0;
				PRODUCT_BUNDLE_IDENTIFIER = "com.carolina.carapia.Rick-and-Morty";
				PRODUCT_NAME = "$(TARGET_NAME)";
				SWIFT_EMIT_LOC_STRINGS = YES;
				SWIFT_VERSION = 5.0;
				TARGETED_DEVICE_FAMILY = "1,2";
			};
			name = Debug;
		};
		04ECE6F72B870821004A4280 /* Release */ = {
			isa = XCBuildConfiguration;
			buildSettings = {
				ASSETCATALOG_COMPILER_APPICON_NAME = AppIcon;
				ASSETCATALOG_COMPILER_GLOBAL_ACCENT_COLOR_NAME = AccentColor;
				CODE_SIGN_STYLE = Automatic;
				CURRENT_PROJECT_VERSION = 1;
				DEVELOPMENT_ASSET_PATHS = "\"Rick and Morty/Preview Content\"";
				DEVELOPMENT_TEAM = T7N7KLZ243;
				ENABLE_PREVIEWS = YES;
				GENERATE_INFOPLIST_FILE = YES;
				INFOPLIST_KEY_UIApplicationSceneManifest_Generation = YES;
				INFOPLIST_KEY_UIApplicationSupportsIndirectInputEvents = YES;
				INFOPLIST_KEY_UILaunchScreen_Generation = YES;
				INFOPLIST_KEY_UISupportedInterfaceOrientations_iPad = "UIInterfaceOrientationPortrait UIInterfaceOrientationPortraitUpsideDown UIInterfaceOrientationLandscapeLeft UIInterfaceOrientationLandscapeRight";
				INFOPLIST_KEY_UISupportedInterfaceOrientations_iPhone = "UIInterfaceOrientationPortrait UIInterfaceOrientationLandscapeLeft UIInterfaceOrientationLandscapeRight";
				LD_RUNPATH_SEARCH_PATHS = (
					"$(inherited)",
					"@executable_path/Frameworks",
				);
				MARKETING_VERSION = 1.0;
				PRODUCT_BUNDLE_IDENTIFIER = "com.carolina.carapia.Rick-and-Morty";
				PRODUCT_NAME = "$(TARGET_NAME)";
				SWIFT_EMIT_LOC_STRINGS = YES;
				SWIFT_VERSION = 5.0;
				TARGETED_DEVICE_FAMILY = "1,2";
			};
			name = Release;
		};
		04ECE6F92B870821004A4280 /* Debug */ = {
			isa = XCBuildConfiguration;
			buildSettings = {
				ALWAYS_EMBED_SWIFT_STANDARD_LIBRARIES = YES;
				BUNDLE_LOADER = "$(TEST_HOST)";
				CODE_SIGN_STYLE = Automatic;
				CURRENT_PROJECT_VERSION = 1;
				DEVELOPMENT_TEAM = T7N7KLZ243;
				GENERATE_INFOPLIST_FILE = YES;
				IPHONEOS_DEPLOYMENT_TARGET = 16.4;
				MARKETING_VERSION = 1.0;
				PRODUCT_BUNDLE_IDENTIFIER = "com.carolina.carapia.Rick-and-MortyTests";
				PRODUCT_NAME = "$(TARGET_NAME)";
				SWIFT_EMIT_LOC_STRINGS = NO;
				SWIFT_VERSION = 5.0;
				TARGETED_DEVICE_FAMILY = "1,2";
				TEST_HOST = "$(BUILT_PRODUCTS_DIR)/Rick and Morty.app/$(BUNDLE_EXECUTABLE_FOLDER_PATH)/Rick and Morty";
			};
			name = Debug;
		};
		04ECE6FA2B870821004A4280 /* Release */ = {
			isa = XCBuildConfiguration;
			buildSettings = {
				ALWAYS_EMBED_SWIFT_STANDARD_LIBRARIES = YES;
				BUNDLE_LOADER = "$(TEST_HOST)";
				CODE_SIGN_STYLE = Automatic;
				CURRENT_PROJECT_VERSION = 1;
				DEVELOPMENT_TEAM = T7N7KLZ243;
				GENERATE_INFOPLIST_FILE = YES;
				IPHONEOS_DEPLOYMENT_TARGET = 16.4;
				MARKETING_VERSION = 1.0;
				PRODUCT_BUNDLE_IDENTIFIER = "com.carolina.carapia.Rick-and-MortyTests";
				PRODUCT_NAME = "$(TARGET_NAME)";
				SWIFT_EMIT_LOC_STRINGS = NO;
				SWIFT_VERSION = 5.0;
				TARGETED_DEVICE_FAMILY = "1,2";
				TEST_HOST = "$(BUILT_PRODUCTS_DIR)/Rick and Morty.app/$(BUNDLE_EXECUTABLE_FOLDER_PATH)/Rick and Morty";
			};
			name = Release;
		};
		04ECE6FC2B870821004A4280 /* Debug */ = {
			isa = XCBuildConfiguration;
			buildSettings = {
				ALWAYS_EMBED_SWIFT_STANDARD_LIBRARIES = YES;
				CODE_SIGN_STYLE = Automatic;
				CURRENT_PROJECT_VERSION = 1;
				DEVELOPMENT_TEAM = T7N7KLZ243;
				GENERATE_INFOPLIST_FILE = YES;
				MARKETING_VERSION = 1.0;
				PRODUCT_BUNDLE_IDENTIFIER = "com.carolina.carapia.Rick-and-MortyUITests";
				PRODUCT_NAME = "$(TARGET_NAME)";
				SWIFT_EMIT_LOC_STRINGS = NO;
				SWIFT_VERSION = 5.0;
				TARGETED_DEVICE_FAMILY = "1,2";
				TEST_TARGET_NAME = "Rick and Morty";
			};
			name = Debug;
		};
		04ECE6FD2B870821004A4280 /* Release */ = {
			isa = XCBuildConfiguration;
			buildSettings = {
				ALWAYS_EMBED_SWIFT_STANDARD_LIBRARIES = YES;
				CODE_SIGN_STYLE = Automatic;
				CURRENT_PROJECT_VERSION = 1;
				DEVELOPMENT_TEAM = T7N7KLZ243;
				GENERATE_INFOPLIST_FILE = YES;
				MARKETING_VERSION = 1.0;
				PRODUCT_BUNDLE_IDENTIFIER = "com.carolina.carapia.Rick-and-MortyUITests";
				PRODUCT_NAME = "$(TARGET_NAME)";
				SWIFT_EMIT_LOC_STRINGS = NO;
				SWIFT_VERSION = 5.0;
				TARGETED_DEVICE_FAMILY = "1,2";
				TEST_TARGET_NAME = "Rick and Morty";
			};
			name = Release;
		};
/* End XCBuildConfiguration section */

/* Begin XCConfigurationList section */
		04ECE6CC2B87081E004A4280 /* Build configuration list for PBXProject "Rick and Morty" */ = {
			isa = XCConfigurationList;
			buildConfigurations = (
				04ECE6F32B870821004A4280 /* Debug */,
				04ECE6F42B870821004A4280 /* Release */,
			);
			defaultConfigurationIsVisible = 0;
			defaultConfigurationName = Release;
		};
		04ECE6F52B870821004A4280 /* Build configuration list for PBXNativeTarget "Rick and Morty" */ = {
			isa = XCConfigurationList;
			buildConfigurations = (
				04ECE6F62B870821004A4280 /* Debug */,
				04ECE6F72B870821004A4280 /* Release */,
			);
			defaultConfigurationIsVisible = 0;
			defaultConfigurationName = Release;
		};
		04ECE6F82B870821004A4280 /* Build configuration list for PBXNativeTarget "Rick and MortyTests" */ = {
			isa = XCConfigurationList;
			buildConfigurations = (
				04ECE6F92B870821004A4280 /* Debug */,
				04ECE6FA2B870821004A4280 /* Release */,
			);
			defaultConfigurationIsVisible = 0;
			defaultConfigurationName = Release;
		};
		04ECE6FB2B870821004A4280 /* Build configuration list for PBXNativeTarget "Rick and MortyUITests" */ = {
			isa = XCConfigurationList;
			buildConfigurations = (
				04ECE6FC2B870821004A4280 /* Debug */,
				04ECE6FD2B870821004A4280 /* Release */,
			);
			defaultConfigurationIsVisible = 0;
			defaultConfigurationName = Release;
		};
/* End XCConfigurationList section */
	};
	rootObject = 04ECE6C92B87081E004A4280 /* Project object */;
}
