// !$*UTF8*$!
{
	archiveVersion = 1;
	classes = {
	};
	objectVersion = 56;
	objects = {

/* Begin PBXBuildFile section */
		04ECE6D52B87081F004A4280 /* Rick_and_MortyApp.swift in Sources */ = {isa = PBXBuildFile; fileRef = 04ECE6D42B87081F004A4280 /* Rick_and_MortyApp.swift */; };
		04ECE6D72B87081F004A4280 /* MainView.swift in Sources */ = {isa = PBXBuildFile; fileRef = 04ECE6D62B87081F004A4280 /* MainView.swift */; };
		04ECE6D92B870821004A4280 /* Assets.xcassets in Resources */ = {isa = PBXBuildFile; fileRef = 04ECE6D82B870821004A4280 /* Assets.xcassets */; };
		04ECE6DC2B870821004A4280 /* Preview Assets.xcassets in Resources */ = {isa = PBXBuildFile; fileRef = 04ECE6DB2B870821004A4280 /* Preview Assets.xcassets */; };
		04ECE6E62B870821004A4280 /* Rick_and_MortyTests.swift in Sources */ = {isa = PBXBuildFile; fileRef = 04ECE6E52B870821004A4280 /* Rick_and_MortyTests.swift */; };
		04ECE6F02B870821004A4280 /* Rick_and_MortyUITests.swift in Sources */ = {isa = PBXBuildFile; fileRef = 04ECE6EF2B870821004A4280 /* Rick_and_MortyUITests.swift */; };
		04ECE6F22B870821004A4280 /* Rick_and_MortyUITestsLaunchTests.swift in Sources */ = {isa = PBXBuildFile; fileRef = 04ECE6F12B870821004A4280 /* Rick_and_MortyUITestsLaunchTests.swift */; };
		04ECE7032B87107F004A4280 /* CharacterView.swift in Sources */ = {isa = PBXBuildFile; fileRef = 04ECE7022B87107F004A4280 /* CharacterView.swift */; };
		04ECE7052B871091004A4280 /* LocationView.swift in Sources */ = {isa = PBXBuildFile; fileRef = 04ECE7042B871091004A4280 /* LocationView.swift */; };
		04ECE7072B8710A0004A4280 /* EpisodeView.swift in Sources */ = {isa = PBXBuildFile; fileRef = 04ECE7062B8710A0004A4280 /* EpisodeView.swift */; };
		04ECE70A2B871262004A4280 /* Service.swift in Sources */ = {isa = PBXBuildFile; fileRef = 04ECE7092B871262004A4280 /* Service.swift */; };
		04ECE70C2B87126E004A4280 /* Request.swift in Sources */ = {isa = PBXBuildFile; fileRef = 04ECE70B2B87126E004A4280 /* Request.swift */; };
		04ECE70E2B871286004A4280 /* Endpoint.swift in Sources */ = {isa = PBXBuildFile; fileRef = 04ECE70D2B871286004A4280 /* Endpoint.swift */; };
		04ECE7112B8714E5004A4280 /* Character.swift in Sources */ = {isa = PBXBuildFile; fileRef = 04ECE7102B8714E5004A4280 /* Character.swift */; };
		04ECE7132B8714F6004A4280 /* Episode.swift in Sources */ = {isa = PBXBuildFile; fileRef = 04ECE7122B8714F6004A4280 /* Episode.swift */; };
		04ECE7152B871500004A4280 /* Location.swift in Sources */ = {isa = PBXBuildFile; fileRef = 04ECE7142B871500004A4280 /* Location.swift */; };
		04ECE7172B8716C9004A4280 /* Origin.swift in Sources */ = {isa = PBXBuildFile; fileRef = 04ECE7162B8716C9004A4280 /* Origin.swift */; };
		04ECE7192B8718E8004A4280 /* CharacterStatus.swift in Sources */ = {isa = PBXBuildFile; fileRef = 04ECE7182B8718E8004A4280 /* CharacterStatus.swift */; };
		04ECE71B2B87192A004A4280 /* CharacterGender.swift in Sources */ = {isa = PBXBuildFile; fileRef = 04ECE71A2B87192A004A4280 /* CharacterGender.swift */; };
		04ECE71D2B871A95004A4280 /* SingleLocation.swift in Sources */ = {isa = PBXBuildFile; fileRef = 04ECE71C2B871A95004A4280 /* SingleLocation.swift */; };
		04ECE7202B87ACE4004A4280 /* CharacterAdapter.swift in Sources */ = {isa = PBXBuildFile; fileRef = 04ECE71F2B87ACE4004A4280 /* CharacterAdapter.swift */; };
		04ECE7242B87AE3F004A4280 /* GetAllCharactersResponse .swift in Sources */ = {isa = PBXBuildFile; fileRef = 04ECE7232B87AE3F004A4280 /* GetAllCharactersResponse .swift */; };
		04ECE7272B87BDC5004A4280 /* CharacterViewCell.swift in Sources */ = {isa = PBXBuildFile; fileRef = 04ECE7262B87BDC5004A4280 /* CharacterViewCell.swift */; };
		04ECE7292B880534004A4280 /* CharacterDetailView.swift in Sources */ = {isa = PBXBuildFile; fileRef = 04ECE7282B880534004A4280 /* CharacterDetailView.swift */; };
		04ECE72B2B8819EA004A4280 /* CharacterDetailAdapter.swift in Sources */ = {isa = PBXBuildFile; fileRef = 04ECE72A2B8819EA004A4280 /* CharacterDetailAdapter.swift */; };
		04FDC9512B891BAD0003EF23 /* FilterCharacterOption.swift in Sources */ = {isa = PBXBuildFile; fileRef = 04FDC9502B891BAD0003EF23 /* FilterCharacterOption.swift */; };
		04FDC9562B8965AD0003EF23 /* LocationsViewModel.swift in Sources */ = {isa = PBXBuildFile; fileRef = 04FDC9552B8965AD0003EF23 /* LocationsViewModel.swift */; };
		04FDC9582B8966090003EF23 /* GetAllLocationsResponse.swift in Sources */ = {isa = PBXBuildFile; fileRef = 04FDC9572B8966080003EF23 /* GetAllLocationsResponse.swift */; };
		04FDC95A2B8969FE0003EF23 /* LocationColletionRowView.swift in Sources */ = {isa = PBXBuildFile; fileRef = 04FDC9592B8969FE0003EF23 /* LocationColletionRowView.swift */; };
		04FDC95F2B8B08BE0003EF23 /* Constants.swift in Sources */ = {isa = PBXBuildFile; fileRef = 04FDC95E2B8B08BE0003EF23 /* Constants.swift */; };
		04FDC9612B8B09100003EF23 /* Token.swift in Sources */ = {isa = PBXBuildFile; fileRef = 04FDC9602B8B09100003EF23 /* Token.swift */; };
		04FDC9632B8C19AE0003EF23 /* ServicePort.swift in Sources */ = {isa = PBXBuildFile; fileRef = 04FDC9622B8C19AE0003EF23 /* ServicePort.swift */; };
		04FDC9652B8C1A8F0003EF23 /* CharacterPort.swift in Sources */ = {isa = PBXBuildFile; fileRef = 04FDC9642B8C1A8F0003EF23 /* CharacterPort.swift */; };
		04FDC9672B8C1CCF0003EF23 /* LocationsPort.swift in Sources */ = {isa = PBXBuildFile; fileRef = 04FDC9662B8C1CCF0003EF23 /* LocationsPort.swift */; };
		51AE15F5D19E1CED46CD46C3 /* Pods_Rick_and_Morty_Rick_and_MortyUITests.framework in Frameworks */ = {isa = PBXBuildFile; fileRef = 57801C5FCFB846EA0AAC3B86 /* Pods_Rick_and_Morty_Rick_and_MortyUITests.framework */; };
		C460E7C4EEC655BF9076E5A9 /* Pods_Rick_and_Morty.framework in Frameworks */ = {isa = PBXBuildFile; fileRef = D9B11560275BB91C18B958AD /* Pods_Rick_and_Morty.framework */; };
		D49395639CC676D74BB60CB8 /* Pods_Rick_and_MortyTests.framework in Frameworks */ = {isa = PBXBuildFile; fileRef = CD8C3F2DF24365B7BA022DF6 /* Pods_Rick_and_MortyTests.framework */; };
/* End PBXBuildFile section */

/* Begin PBXContainerItemProxy section */
		04ECE6E22B870821004A4280 /* PBXContainerItemProxy */ = {
			isa = PBXContainerItemProxy;
			containerPortal = 04ECE6C92B87081E004A4280 /* Project object */;
			proxyType = 1;
			remoteGlobalIDString = 04ECE6D02B87081F004A4280;
			remoteInfo = "Rick and Morty";
		};
		04ECE6EC2B870821004A4280 /* PBXContainerItemProxy */ = {
			isa = PBXContainerItemProxy;
			containerPortal = 04ECE6C92B87081E004A4280 /* Project object */;
			proxyType = 1;
			remoteGlobalIDString = 04ECE6D02B87081F004A4280;
			remoteInfo = "Rick and Morty";
		};
/* End PBXContainerItemProxy section */

/* Begin PBXFileReference section */
		04ECE6D12B87081F004A4280 /* Rick and Morty.app */ = {isa = PBXFileReference; explicitFileType = wrapper.application; includeInIndex = 0; path = "Rick and Morty.app"; sourceTree = BUILT_PRODUCTS_DIR; };
		04ECE6D42B87081F004A4280 /* Rick_and_MortyApp.swift */ = {isa = PBXFileReference; lastKnownFileType = sourcecode.swift; path = Rick_and_MortyApp.swift; sourceTree = "<group>"; };
		04ECE6D62B87081F004A4280 /* MainView.swift */ = {isa = PBXFileReference; lastKnownFileType = sourcecode.swift; path = MainView.swift; sourceTree = "<group>"; };
		04ECE6D82B870821004A4280 /* Assets.xcassets */ = {isa = PBXFileReference; lastKnownFileType = folder.assetcatalog; path = Assets.xcassets; sourceTree = "<group>"; };
		04ECE6DB2B870821004A4280 /* Preview Assets.xcassets */ = {isa = PBXFileReference; lastKnownFileType = folder.assetcatalog; path = "Preview Assets.xcassets"; sourceTree = "<group>"; };
		04ECE6E12B870821004A4280 /* Rick and MortyTests.xctest */ = {isa = PBXFileReference; explicitFileType = wrapper.cfbundle; includeInIndex = 0; path = "Rick and MortyTests.xctest"; sourceTree = BUILT_PRODUCTS_DIR; };
		04ECE6E52B870821004A4280 /* Rick_and_MortyTests.swift */ = {isa = PBXFileReference; lastKnownFileType = sourcecode.swift; path = Rick_and_MortyTests.swift; sourceTree = "<group>"; };
		04ECE6EB2B870821004A4280 /* Rick and MortyUITests.xctest */ = {isa = PBXFileReference; explicitFileType = wrapper.cfbundle; includeInIndex = 0; path = "Rick and MortyUITests.xctest"; sourceTree = BUILT_PRODUCTS_DIR; };
		04ECE6EF2B870821004A4280 /* Rick_and_MortyUITests.swift */ = {isa = PBXFileReference; lastKnownFileType = sourcecode.swift; path = Rick_and_MortyUITests.swift; sourceTree = "<group>"; };
		04ECE6F12B870821004A4280 /* Rick_and_MortyUITestsLaunchTests.swift */ = {isa = PBXFileReference; lastKnownFileType = sourcecode.swift; path = Rick_and_MortyUITestsLaunchTests.swift; sourceTree = "<group>"; };
		04ECE7022B87107F004A4280 /* CharacterView.swift */ = {isa = PBXFileReference; lastKnownFileType = sourcecode.swift; path = CharacterView.swift; sourceTree = "<group>"; };
		04ECE7042B871091004A4280 /* LocationView.swift */ = {isa = PBXFileReference; lastKnownFileType = sourcecode.swift; path = LocationView.swift; sourceTree = "<group>"; };
		04ECE7062B8710A0004A4280 /* EpisodeView.swift */ = {isa = PBXFileReference; lastKnownFileType = sourcecode.swift; path = EpisodeView.swift; sourceTree = "<group>"; };
		04ECE7092B871262004A4280 /* Service.swift */ = {isa = PBXFileReference; lastKnownFileType = sourcecode.swift; path = Service.swift; sourceTree = "<group>"; };
		04ECE70B2B87126E004A4280 /* Request.swift */ = {isa = PBXFileReference; lastKnownFileType = sourcecode.swift; path = Request.swift; sourceTree = "<group>"; };
		04ECE70D2B871286004A4280 /* Endpoint.swift */ = {isa = PBXFileReference; lastKnownFileType = sourcecode.swift; path = Endpoint.swift; sourceTree = "<group>"; };
		04ECE7102B8714E5004A4280 /* Character.swift */ = {isa = PBXFileReference; lastKnownFileType = sourcecode.swift; path = Character.swift; sourceTree = "<group>"; };
		04ECE7122B8714F6004A4280 /* Episode.swift */ = {isa = PBXFileReference; lastKnownFileType = sourcecode.swift; path = Episode.swift; sourceTree = "<group>"; };
		04ECE7142B871500004A4280 /* Location.swift */ = {isa = PBXFileReference; lastKnownFileType = sourcecode.swift; path = Location.swift; sourceTree = "<group>"; };
		04ECE7162B8716C9004A4280 /* Origin.swift */ = {isa = PBXFileReference; lastKnownFileType = sourcecode.swift; path = Origin.swift; sourceTree = "<group>"; };
		04ECE7182B8718E8004A4280 /* CharacterStatus.swift */ = {isa = PBXFileReference; lastKnownFileType = sourcecode.swift; path = CharacterStatus.swift; sourceTree = "<group>"; };
		04ECE71A2B87192A004A4280 /* CharacterGender.swift */ = {isa = PBXFileReference; lastKnownFileType = sourcecode.swift; path = CharacterGender.swift; sourceTree = "<group>"; };
		04ECE71C2B871A95004A4280 /* SingleLocation.swift */ = {isa = PBXFileReference; lastKnownFileType = sourcecode.swift; path = SingleLocation.swift; sourceTree = "<group>"; };
		04ECE71F2B87ACE4004A4280 /* CharacterAdapter.swift */ = {isa = PBXFileReference; lastKnownFileType = sourcecode.swift; path = CharacterAdapter.swift; sourceTree = "<group>"; };
		04ECE7232B87AE3F004A4280 /* GetAllCharactersResponse .swift */ = {isa = PBXFileReference; lastKnownFileType = sourcecode.swift; path = "GetAllCharactersResponse .swift"; sourceTree = "<group>"; };
		04ECE7262B87BDC5004A4280 /* CharacterViewCell.swift */ = {isa = PBXFileReference; lastKnownFileType = sourcecode.swift; path = CharacterViewCell.swift; sourceTree = "<group>"; };
		04ECE7282B880534004A4280 /* CharacterDetailView.swift */ = {isa = PBXFileReference; lastKnownFileType = sourcecode.swift; path = CharacterDetailView.swift; sourceTree = "<group>"; };
		04ECE72A2B8819EA004A4280 /* CharacterDetailAdapter.swift */ = {isa = PBXFileReference; lastKnownFileType = sourcecode.swift; path = CharacterDetailAdapter.swift; sourceTree = "<group>"; };
		04FDC9502B891BAD0003EF23 /* FilterCharacterOption.swift */ = {isa = PBXFileReference; lastKnownFileType = sourcecode.swift; path = FilterCharacterOption.swift; sourceTree = "<group>"; };
		04FDC9552B8965AD0003EF23 /* LocationsViewModel.swift */ = {isa = PBXFileReference; lastKnownFileType = sourcecode.swift; path = LocationsViewModel.swift; sourceTree = "<group>"; };
		04FDC9572B8966080003EF23 /* GetAllLocationsResponse.swift */ = {isa = PBXFileReference; lastKnownFileType = sourcecode.swift; path = GetAllLocationsResponse.swift; sourceTree = "<group>"; };
		04FDC9592B8969FE0003EF23 /* LocationColletionRowView.swift */ = {isa = PBXFileReference; lastKnownFileType = sourcecode.swift; path = LocationColletionRowView.swift; sourceTree = "<group>"; };
		04FDC95E2B8B08BE0003EF23 /* Constants.swift */ = {isa = PBXFileReference; lastKnownFileType = sourcecode.swift; path = Constants.swift; sourceTree = "<group>"; };
		04FDC9602B8B09100003EF23 /* Token.swift */ = {isa = PBXFileReference; lastKnownFileType = sourcecode.swift; path = Token.swift; sourceTree = "<group>"; };
		04FDC9622B8C19AE0003EF23 /* ServicePort.swift */ = {isa = PBXFileReference; lastKnownFileType = sourcecode.swift; path = ServicePort.swift; sourceTree = "<group>"; };
		04FDC9642B8C1A8F0003EF23 /* CharacterPort.swift */ = {isa = PBXFileReference; lastKnownFileType = sourcecode.swift; path = CharacterPort.swift; sourceTree = "<group>"; };
		04FDC9662B8C1CCF0003EF23 /* LocationsPort.swift */ = {isa = PBXFileReference; lastKnownFileType = sourcecode.swift; path = LocationsPort.swift; sourceTree = "<group>"; };
		13E412F226E931D9E9AA578F /* Pods-Rick and MortyTests.release.xcconfig */ = {isa = PBXFileReference; includeInIndex = 1; lastKnownFileType = text.xcconfig; name = "Pods-Rick and MortyTests.release.xcconfig"; path = "Target Support Files/Pods-Rick and MortyTests/Pods-Rick and MortyTests.release.xcconfig"; sourceTree = "<group>"; };
		1DC51161017E07E47A45DEE4 /* Pods-Rick and Morty-Rick and MortyUITests.release.xcconfig */ = {isa = PBXFileReference; includeInIndex = 1; lastKnownFileType = text.xcconfig; name = "Pods-Rick and Morty-Rick and MortyUITests.release.xcconfig"; path = "Target Support Files/Pods-Rick and Morty-Rick and MortyUITests/Pods-Rick and Morty-Rick and MortyUITests.release.xcconfig"; sourceTree = "<group>"; };
		57801C5FCFB846EA0AAC3B86 /* Pods_Rick_and_Morty_Rick_and_MortyUITests.framework */ = {isa = PBXFileReference; explicitFileType = wrapper.framework; includeInIndex = 0; path = Pods_Rick_and_Morty_Rick_and_MortyUITests.framework; sourceTree = BUILT_PRODUCTS_DIR; };
		653ABD8F16F65C36731B89FD /* Pods-Rick and Morty.release.xcconfig */ = {isa = PBXFileReference; includeInIndex = 1; lastKnownFileType = text.xcconfig; name = "Pods-Rick and Morty.release.xcconfig"; path = "Target Support Files/Pods-Rick and Morty/Pods-Rick and Morty.release.xcconfig"; sourceTree = "<group>"; };
		8048BE12EBACD1DB0110ADE5 /* Pods-Rick and MortyTests.debug.xcconfig */ = {isa = PBXFileReference; includeInIndex = 1; lastKnownFileType = text.xcconfig; name = "Pods-Rick and MortyTests.debug.xcconfig"; path = "Target Support Files/Pods-Rick and MortyTests/Pods-Rick and MortyTests.debug.xcconfig"; sourceTree = "<group>"; };
		A68269AFD65673074EA1ADA2 /* Pods-Rick and Morty-Rick and MortyUITests.debug.xcconfig */ = {isa = PBXFileReference; includeInIndex = 1; lastKnownFileType = text.xcconfig; name = "Pods-Rick and Morty-Rick and MortyUITests.debug.xcconfig"; path = "Target Support Files/Pods-Rick and Morty-Rick and MortyUITests/Pods-Rick and Morty-Rick and MortyUITests.debug.xcconfig"; sourceTree = "<group>"; };
		CD8C3F2DF24365B7BA022DF6 /* Pods_Rick_and_MortyTests.framework */ = {isa = PBXFileReference; explicitFileType = wrapper.framework; includeInIndex = 0; path = Pods_Rick_and_MortyTests.framework; sourceTree = BUILT_PRODUCTS_DIR; };
		D9B11560275BB91C18B958AD /* Pods_Rick_and_Morty.framework */ = {isa = PBXFileReference; explicitFileType = wrapper.framework; includeInIndex = 0; path = Pods_Rick_and_Morty.framework; sourceTree = BUILT_PRODUCTS_DIR; };
		EE2C32FAE462E5C6EF42C45E /* Pods-Rick and Morty.debug.xcconfig */ = {isa = PBXFileReference; includeInIndex = 1; lastKnownFileType = text.xcconfig; name = "Pods-Rick and Morty.debug.xcconfig"; path = "Target Support Files/Pods-Rick and Morty/Pods-Rick and Morty.debug.xcconfig"; sourceTree = "<group>"; };
/* End PBXFileReference section */

/* Begin PBXFrameworksBuildPhase section */
		04ECE6CE2B87081F004A4280 /* Frameworks */ = {
			isa = PBXFrameworksBuildPhase;
			buildActionMask = 2147483647;
			files = (
				C460E7C4EEC655BF9076E5A9 /* Pods_Rick_and_Morty.framework in Frameworks */,
			);
			runOnlyForDeploymentPostprocessing = 0;
		};
		04ECE6DE2B870821004A4280 /* Frameworks */ = {
			isa = PBXFrameworksBuildPhase;
			buildActionMask = 2147483647;
			files = (
				D49395639CC676D74BB60CB8 /* Pods_Rick_and_MortyTests.framework in Frameworks */,
			);
			runOnlyForDeploymentPostprocessing = 0;
		};
		04ECE6E82B870821004A4280 /* Frameworks */ = {
			isa = PBXFrameworksBuildPhase;
			buildActionMask = 2147483647;
			files = (
				51AE15F5D19E1CED46CD46C3 /* Pods_Rick_and_Morty_Rick_and_MortyUITests.framework in Frameworks */,
			);
			runOnlyForDeploymentPostprocessing = 0;
		};
/* End PBXFrameworksBuildPhase section */

/* Begin PBXGroup section */
		04ECE6C82B87081E004A4280 = {
			isa = PBXGroup;
			children = (
				04ECE6D32B87081F004A4280 /* Rick and Morty */,
				04ECE6E42B870821004A4280 /* Rick and MortyTests */,
				04ECE6EE2B870821004A4280 /* Rick and MortyUITests */,
				04ECE6D22B87081F004A4280 /* Products */,
				5A50968E0B7C42C9ADEA009D /* Pods */,
				27408C100CA633C086EDEF5C /* Frameworks */,
			);
			sourceTree = "<group>";
		};
		04ECE6D22B87081F004A4280 /* Products */ = {
			isa = PBXGroup;
			children = (
				04ECE6D12B87081F004A4280 /* Rick and Morty.app */,
				04ECE6E12B870821004A4280 /* Rick and MortyTests.xctest */,
				04ECE6EB2B870821004A4280 /* Rick and MortyUITests.xctest */,
			);
			name = Products;
			sourceTree = "<group>";
		};
		04ECE6D32B87081F004A4280 /* Rick and Morty */ = {
			isa = PBXGroup;
			children = (
				04FDC95D2B8AA8110003EF23 /* Resources */,
				04FDC95C2B8AA7E70003EF23 /* Ports */,
				04FDC95B2B8AA7C20003EF23 /* Domain */,
				04ECE71E2B87A7FF004A4280 /* Adapters */,
				04ECE70F2B8714C8004A4280 /* Models */,
				04ECE7012B87104A004A4280 /* UI */,
				04ECE6DA2B870821004A4280 /* Preview Content */,
			);
			path = "Rick and Morty";
			sourceTree = "<group>";
		};
		04ECE6DA2B870821004A4280 /* Preview Content */ = {
			isa = PBXGroup;
			children = (
				04ECE6DB2B870821004A4280 /* Preview Assets.xcassets */,
			);
			path = "Preview Content";
			sourceTree = "<group>";
		};
		04ECE6E42B870821004A4280 /* Rick and MortyTests */ = {
			isa = PBXGroup;
			children = (
				04ECE6E52B870821004A4280 /* Rick_and_MortyTests.swift */,
			);
			path = "Rick and MortyTests";
			sourceTree = "<group>";
		};
		04ECE6EE2B870821004A4280 /* Rick and MortyUITests */ = {
			isa = PBXGroup;
			children = (
				04ECE6EF2B870821004A4280 /* Rick_and_MortyUITests.swift */,
				04ECE6F12B870821004A4280 /* Rick_and_MortyUITestsLaunchTests.swift */,
			);
			path = "Rick and MortyUITests";
			sourceTree = "<group>";
		};
		04ECE7012B87104A004A4280 /* UI */ = {
			isa = PBXGroup;
			children = (
				04ECE6D62B87081F004A4280 /* MainView.swift */,
				04ECE6D42B87081F004A4280 /* Rick_and_MortyApp.swift */,
				04FDC9522B89652B0003EF23 /* Location */,
				04ECE7252B87BDA5004A4280 /* Character */,
				04ECE7062B8710A0004A4280 /* EpisodeView.swift */,
			);
			path = UI;
			sourceTree = "<group>";
		};
		04ECE7082B871237004A4280 /* APIClient */ = {
			isa = PBXGroup;
			children = (
				04ECE7092B871262004A4280 /* Service.swift */,
				04ECE70B2B87126E004A4280 /* Request.swift */,
				04ECE70D2B871286004A4280 /* Endpoint.swift */,
			);
			path = APIClient;
			sourceTree = "<group>";
		};
		04ECE70F2B8714C8004A4280 /* Models */ = {
			isa = PBXGroup;
			children = (
				04FDC94F2B891BA10003EF23 /* Enums */,
				04ECE7222B87ADC9004A4280 /* ApiResponseTypes */,
				04ECE7212B87ADAF004A4280 /* Datatypes */,
				04FDC9602B8B09100003EF23 /* Token.swift */,
			);
			path = Models;
			sourceTree = "<group>";
		};
		04ECE71E2B87A7FF004A4280 /* Adapters */ = {
			isa = PBXGroup;
			children = (
				04FDC9542B8965610003EF23 /* Location */,
				04FDC9532B8965560003EF23 /* Character */,
			);
			path = Adapters;
			sourceTree = "<group>";
		};
		04ECE7212B87ADAF004A4280 /* Datatypes */ = {
			isa = PBXGroup;
			children = (
				04ECE7102B8714E5004A4280 /* Character.swift */,
				04ECE7122B8714F6004A4280 /* Episode.swift */,
				04ECE7142B871500004A4280 /* Location.swift */,
				04ECE7162B8716C9004A4280 /* Origin.swift */,
				04ECE7182B8718E8004A4280 /* CharacterStatus.swift */,
				04ECE71A2B87192A004A4280 /* CharacterGender.swift */,
				04ECE71C2B871A95004A4280 /* SingleLocation.swift */,
			);
			path = Datatypes;
			sourceTree = "<group>";
		};
		04ECE7222B87ADC9004A4280 /* ApiResponseTypes */ = {
			isa = PBXGroup;
			children = (
				04ECE7232B87AE3F004A4280 /* GetAllCharactersResponse .swift */,
				04FDC9572B8966080003EF23 /* GetAllLocationsResponse.swift */,
			);
			path = ApiResponseTypes;
			sourceTree = "<group>";
		};
		04ECE7252B87BDA5004A4280 /* Character */ = {
			isa = PBXGroup;
			children = (
				04ECE7022B87107F004A4280 /* CharacterView.swift */,
				04ECE7262B87BDC5004A4280 /* CharacterViewCell.swift */,
				04ECE7282B880534004A4280 /* CharacterDetailView.swift */,
			);
			path = Character;
			sourceTree = "<group>";
		};
		04FDC94F2B891BA10003EF23 /* Enums */ = {
			isa = PBXGroup;
			children = (
				04FDC9502B891BAD0003EF23 /* FilterCharacterOption.swift */,
			);
			path = Enums;
			sourceTree = "<group>";
		};
		04FDC9522B89652B0003EF23 /* Location */ = {
			isa = PBXGroup;
			children = (
				04ECE7042B871091004A4280 /* LocationView.swift */,
				04FDC9592B8969FE0003EF23 /* LocationColletionRowView.swift */,
			);
			path = Location;
			sourceTree = "<group>";
		};
		04FDC9532B8965560003EF23 /* Character */ = {
			isa = PBXGroup;
			children = (
				04ECE72A2B8819EA004A4280 /* CharacterDetailAdapter.swift */,
				04ECE71F2B87ACE4004A4280 /* CharacterAdapter.swift */,
			);
			path = Character;
			sourceTree = "<group>";
		};
		04FDC9542B8965610003EF23 /* Location */ = {
			isa = PBXGroup;
			children = (
				04FDC9552B8965AD0003EF23 /* LocationsViewModel.swift */,
			);
			path = Location;
			sourceTree = "<group>";
		};
		04FDC95B2B8AA7C20003EF23 /* Domain */ = {
			isa = PBXGroup;
			children = (
				04ECE7082B871237004A4280 /* APIClient */,
			);
			path = Domain;
			sourceTree = "<group>";
		};
		04FDC95C2B8AA7E70003EF23 /* Ports */ = {
			isa = PBXGroup;
			children = (
				04FDC9622B8C19AE0003EF23 /* ServicePort.swift */,
				04FDC9642B8C1A8F0003EF23 /* CharacterPort.swift */,
				04FDC9662B8C1CCF0003EF23 /* LocationsPort.swift */,
			);
			path = Ports;
			sourceTree = "<group>";
		};
		04FDC95D2B8AA8110003EF23 /* Resources */ = {
			isa = PBXGroup;
			children = (
				04ECE6D82B870821004A4280 /* Assets.xcassets */,
				04FDC95E2B8B08BE0003EF23 /* Constants.swift */,
			);
			path = Resources;
			sourceTree = "<group>";
		};
		27408C100CA633C086EDEF5C /* Frameworks */ = {
			isa = PBXGroup;
			children = (
				D9B11560275BB91C18B958AD /* Pods_Rick_and_Morty.framework */,
				57801C5FCFB846EA0AAC3B86 /* Pods_Rick_and_Morty_Rick_and_MortyUITests.framework */,
				CD8C3F2DF24365B7BA022DF6 /* Pods_Rick_and_MortyTests.framework */,
			);
			name = Frameworks;
			sourceTree = "<group>";
		};
		5A50968E0B7C42C9ADEA009D /* Pods */ = {
			isa = PBXGroup;
			children = (
				EE2C32FAE462E5C6EF42C45E /* Pods-Rick and Morty.debug.xcconfig */,
				653ABD8F16F65C36731B89FD /* Pods-Rick and Morty.release.xcconfig */,
				A68269AFD65673074EA1ADA2 /* Pods-Rick and Morty-Rick and MortyUITests.debug.xcconfig */,
				1DC51161017E07E47A45DEE4 /* Pods-Rick and Morty-Rick and MortyUITests.release.xcconfig */,
				8048BE12EBACD1DB0110ADE5 /* Pods-Rick and MortyTests.debug.xcconfig */,
				13E412F226E931D9E9AA578F /* Pods-Rick and MortyTests.release.xcconfig */,
			);
			path = Pods;
			sourceTree = "<group>";
		};
/* End PBXGroup section */

/* Begin PBXNativeTarget section */
		04ECE6D02B87081F004A4280 /* Rick and Morty */ = {
			isa = PBXNativeTarget;
			buildConfigurationList = 04ECE6F52B870821004A4280 /* Build configuration list for PBXNativeTarget "Rick and Morty" */;
			buildPhases = (
				A9113197AF23E9F840B0D1CA /* [CP] Check Pods Manifest.lock */,
				04ECE6CD2B87081F004A4280 /* Sources */,
				04ECE6CE2B87081F004A4280 /* Frameworks */,
				04ECE6CF2B87081F004A4280 /* Resources */,
				5DEB87C791E5316A88BD4E4E /* [CP] Embed Pods Frameworks */,
			);
			buildRules = (
			);
			dependencies = (
			);
			name = "Rick and Morty";
			productName = "Rick and Morty";
			productReference = 04ECE6D12B87081F004A4280 /* Rick and Morty.app */;
			productType = "com.apple.product-type.application";
		};
		04ECE6E02B870821004A4280 /* Rick and MortyTests */ = {
			isa = PBXNativeTarget;
			buildConfigurationList = 04ECE6F82B870821004A4280 /* Build configuration list for PBXNativeTarget "Rick and MortyTests" */;
			buildPhases = (
				107FBF8A8F834869F9BC7F1E /* [CP] Check Pods Manifest.lock */,
				04ECE6DD2B870821004A4280 /* Sources */,
				04ECE6DE2B870821004A4280 /* Frameworks */,
				04ECE6DF2B870821004A4280 /* Resources */,
			);
			buildRules = (
			);
			dependencies = (
				04ECE6E32B870821004A4280 /* PBXTargetDependency */,
			);
			name = "Rick and MortyTests";
			productName = "Rick and MortyTests";
			productReference = 04ECE6E12B870821004A4280 /* Rick and MortyTests.xctest */;
			productType = "com.apple.product-type.bundle.unit-test";
		};
		04ECE6EA2B870821004A4280 /* Rick and MortyUITests */ = {
			isa = PBXNativeTarget;
			buildConfigurationList = 04ECE6FB2B870821004A4280 /* Build configuration list for PBXNativeTarget "Rick and MortyUITests" */;
			buildPhases = (
				C466246682A5B563FB52ACD5 /* [CP] Check Pods Manifest.lock */,
				04ECE6E72B870821004A4280 /* Sources */,
				04ECE6E82B870821004A4280 /* Frameworks */,
				04ECE6E92B870821004A4280 /* Resources */,
				BE3E596A7D49743DDDAFD583 /* [CP] Embed Pods Frameworks */,
			);
			buildRules = (
			);
			dependencies = (
				04ECE6ED2B870821004A4280 /* PBXTargetDependency */,
			);
			name = "Rick and MortyUITests";
			productName = "Rick and MortyUITests";
			productReference = 04ECE6EB2B870821004A4280 /* Rick and MortyUITests.xctest */;
			productType = "com.apple.product-type.bundle.ui-testing";
		};
/* End PBXNativeTarget section */

/* Begin PBXProject section */
		04ECE6C92B87081E004A4280 /* Project object */ = {
			isa = PBXProject;
			attributes = {
				BuildIndependentTargetsInParallel = 1;
				LastSwiftUpdateCheck = 1430;
				LastUpgradeCheck = 1430;
				TargetAttributes = {
					04ECE6D02B87081F004A4280 = {
						CreatedOnToolsVersion = 14.3.1;
					};
					04ECE6E02B870821004A4280 = {
						CreatedOnToolsVersion = 14.3.1;
						TestTargetID = 04ECE6D02B87081F004A4280;
					};
					04ECE6EA2B870821004A4280 = {
						CreatedOnToolsVersion = 14.3.1;
						TestTargetID = 04ECE6D02B87081F004A4280;
					};
				};
			};
			buildConfigurationList = 04ECE6CC2B87081E004A4280 /* Build configuration list for PBXProject "Rick and Morty" */;
			compatibilityVersion = "Xcode 14.0";
			developmentRegion = en;
			hasScannedForEncodings = 0;
			knownRegions = (
				en,
				Base,
			);
			mainGroup = 04ECE6C82B87081E004A4280;
			productRefGroup = 04ECE6D22B87081F004A4280 /* Products */;
			projectDirPath = "";
			projectRoot = "";
			targets = (
				04ECE6D02B87081F004A4280 /* Rick and Morty */,
				04ECE6E02B870821004A4280 /* Rick and MortyTests */,
				04ECE6EA2B870821004A4280 /* Rick and MortyUITests */,
			);
		};
/* End PBXProject section */

/* Begin PBXResourcesBuildPhase section */
		04ECE6CF2B87081F004A4280 /* Resources */ = {
			isa = PBXResourcesBuildPhase;
			buildActionMask = 2147483647;
			files = (
				04ECE6DC2B870821004A4280 /* Preview Assets.xcassets in Resources */,
				04ECE6D92B870821004A4280 /* Assets.xcassets in Resources */,
			);
			runOnlyForDeploymentPostprocessing = 0;
		};
		04ECE6DF2B870821004A4280 /* Resources */ = {
			isa = PBXResourcesBuildPhase;
			buildActionMask = 2147483647;
			files = (
			);
			runOnlyForDeploymentPostprocessing = 0;
		};
		04ECE6E92B870821004A4280 /* Resources */ = {
			isa = PBXResourcesBuildPhase;
			buildActionMask = 2147483647;
			files = (
			);
			runOnlyForDeploymentPostprocessing = 0;
		};
/* End PBXResourcesBuildPhase section */

/* Begin PBXShellScriptBuildPhase section */
		107FBF8A8F834869F9BC7F1E /* [CP] Check Pods Manifest.lock */ = {
			isa = PBXShellScriptBuildPhase;
			buildActionMask = 2147483647;
			files = (
			);
			inputFileListPaths = (
			);
			inputPaths = (
				"${PODS_PODFILE_DIR_PATH}/Podfile.lock",
				"${PODS_ROOT}/Manifest.lock",
			);
			name = "[CP] Check Pods Manifest.lock";
			outputFileListPaths = (
			);
			outputPaths = (
				"$(DERIVED_FILE_DIR)/Pods-Rick and MortyTests-checkManifestLockResult.txt",
			);
			runOnlyForDeploymentPostprocessing = 0;
			shellPath = /bin/sh;
			shellScript = "diff \"${PODS_PODFILE_DIR_PATH}/Podfile.lock\" \"${PODS_ROOT}/Manifest.lock\" > /dev/null\nif [ $? != 0 ] ; then\n    # print error to STDERR\n    echo \"error: The sandbox is not in sync with the Podfile.lock. Run 'pod install' or update your CocoaPods installation.\" >&2\n    exit 1\nfi\n# This output is used by Xcode 'outputs' to avoid re-running this script phase.\necho \"SUCCESS\" > \"${SCRIPT_OUTPUT_FILE_0}\"\n";
			showEnvVarsInLog = 0;
		};
		5DEB87C791E5316A88BD4E4E /* [CP] Embed Pods Frameworks */ = {
			isa = PBXShellScriptBuildPhase;
			buildActionMask = 2147483647;
			files = (
			);
			inputFileListPaths = (
				"${PODS_ROOT}/Target Support Files/Pods-Rick and Morty/Pods-Rick and Morty-frameworks-${CONFIGURATION}-input-files.xcfilelist",
			);
			name = "[CP] Embed Pods Frameworks";
			outputFileListPaths = (
				"${PODS_ROOT}/Target Support Files/Pods-Rick and Morty/Pods-Rick and Morty-frameworks-${CONFIGURATION}-output-files.xcfilelist",
			);
			runOnlyForDeploymentPostprocessing = 0;
			shellPath = /bin/sh;
			shellScript = "\"${PODS_ROOT}/Target Support Files/Pods-Rick and Morty/Pods-Rick and Morty-frameworks.sh\"\n";
			showEnvVarsInLog = 0;
		};
		A9113197AF23E9F840B0D1CA /* [CP] Check Pods Manifest.lock */ = {
			isa = PBXShellScriptBuildPhase;
			buildActionMask = 2147483647;
			files = (
			);
			inputFileListPaths = (
			);
			inputPaths = (
				"${PODS_PODFILE_DIR_PATH}/Podfile.lock",
				"${PODS_ROOT}/Manifest.lock",
			);
			name = "[CP] Check Pods Manifest.lock";
			outputFileListPaths = (
			);
			outputPaths = (
				"$(DERIVED_FILE_DIR)/Pods-Rick and Morty-checkManifestLockResult.txt",
			);
			runOnlyForDeploymentPostprocessing = 0;
			shellPath = /bin/sh;
			shellScript = "diff \"${PODS_PODFILE_DIR_PATH}/Podfile.lock\" \"${PODS_ROOT}/Manifest.lock\" > /dev/null\nif [ $? != 0 ] ; then\n    # print error to STDERR\n    echo \"error: The sandbox is not in sync with the Podfile.lock. Run 'pod install' or update your CocoaPods installation.\" >&2\n    exit 1\nfi\n# This output is used by Xcode 'outputs' to avoid re-running this script phase.\necho \"SUCCESS\" > \"${SCRIPT_OUTPUT_FILE_0}\"\n";
			showEnvVarsInLog = 0;
		};
		BE3E596A7D49743DDDAFD583 /* [CP] Embed Pods Frameworks */ = {
			isa = PBXShellScriptBuildPhase;
			buildActionMask = 2147483647;
			files = (
			);
			inputFileListPaths = (
				"${PODS_ROOT}/Target Support Files/Pods-Rick and Morty-Rick and MortyUITests/Pods-Rick and Morty-Rick and MortyUITests-frameworks-${CONFIGURATION}-input-files.xcfilelist",
			);
			name = "[CP] Embed Pods Frameworks";
			outputFileListPaths = (
				"${PODS_ROOT}/Target Support Files/Pods-Rick and Morty-Rick and MortyUITests/Pods-Rick and Morty-Rick and MortyUITests-frameworks-${CONFIGURATION}-output-files.xcfilelist",
			);
			runOnlyForDeploymentPostprocessing = 0;
			shellPath = /bin/sh;
			shellScript = "\"${PODS_ROOT}/Target Support Files/Pods-Rick and Morty-Rick and MortyUITests/Pods-Rick and Morty-Rick and MortyUITests-frameworks.sh\"\n";
			showEnvVarsInLog = 0;
		};
		C466246682A5B563FB52ACD5 /* [CP] Check Pods Manifest.lock */ = {
			isa = PBXShellScriptBuildPhase;
			buildActionMask = 2147483647;
			files = (
			);
			inputFileListPaths = (
			);
			inputPaths = (
				"${PODS_PODFILE_DIR_PATH}/Podfile.lock",
				"${PODS_ROOT}/Manifest.lock",
			);
			name = "[CP] Check Pods Manifest.lock";
			outputFileListPaths = (
			);
			outputPaths = (
				"$(DERIVED_FILE_DIR)/Pods-Rick and Morty-Rick and MortyUITests-checkManifestLockResult.txt",
			);
			runOnlyForDeploymentPostprocessing = 0;
			shellPath = /bin/sh;
			shellScript = "diff \"${PODS_PODFILE_DIR_PATH}/Podfile.lock\" \"${PODS_ROOT}/Manifest.lock\" > /dev/null\nif [ $? != 0 ] ; then\n    # print error to STDERR\n    echo \"error: The sandbox is not in sync with the Podfile.lock. Run 'pod install' or update your CocoaPods installation.\" >&2\n    exit 1\nfi\n# This output is used by Xcode 'outputs' to avoid re-running this script phase.\necho \"SUCCESS\" > \"${SCRIPT_OUTPUT_FILE_0}\"\n";
			showEnvVarsInLog = 0;
		};
/* End PBXShellScriptBuildPhase section */

/* Begin PBXSourcesBuildPhase section */
		04ECE6CD2B87081F004A4280 /* Sources */ = {
			isa = PBXSourcesBuildPhase;
			buildActionMask = 2147483647;
			files = (
				04FDC95F2B8B08BE0003EF23 /* Constants.swift in Sources */,
				04ECE7112B8714E5004A4280 /* Character.swift in Sources */,
				04ECE7152B871500004A4280 /* Location.swift in Sources */,
				04ECE7192B8718E8004A4280 /* CharacterStatus.swift in Sources */,
				04ECE7292B880534004A4280 /* CharacterDetailView.swift in Sources */,
				04FDC9512B891BAD0003EF23 /* FilterCharacterOption.swift in Sources */,
				04FDC9562B8965AD0003EF23 /* LocationsViewModel.swift in Sources */,
				04ECE7032B87107F004A4280 /* CharacterView.swift in Sources */,
				04FDC9672B8C1CCF0003EF23 /* LocationsPort.swift in Sources */,
				04ECE7052B871091004A4280 /* LocationView.swift in Sources */,
				04FDC9582B8966090003EF23 /* GetAllLocationsResponse.swift in Sources */,
				04ECE7132B8714F6004A4280 /* Episode.swift in Sources */,
				04FDC9612B8B09100003EF23 /* Token.swift in Sources */,
				04ECE70A2B871262004A4280 /* Service.swift in Sources */,
				04ECE70E2B871286004A4280 /* Endpoint.swift in Sources */,
				04ECE71B2B87192A004A4280 /* CharacterGender.swift in Sources */,
				04FDC9632B8C19AE0003EF23 /* ServicePort.swift in Sources */,
				04ECE7242B87AE3F004A4280 /* GetAllCharactersResponse .swift in Sources */,
				04FDC95A2B8969FE0003EF23 /* LocationColletionRowView.swift in Sources */,
				04ECE70C2B87126E004A4280 /* Request.swift in Sources */,
				04ECE6D72B87081F004A4280 /* MainView.swift in Sources */,
				04ECE7272B87BDC5004A4280 /* CharacterViewCell.swift in Sources */,
				04ECE6D52B87081F004A4280 /* Rick_and_MortyApp.swift in Sources */,
				04ECE7202B87ACE4004A4280 /* CharacterAdapter.swift in Sources */,
				04ECE7072B8710A0004A4280 /* EpisodeView.swift in Sources */,
				04ECE72B2B8819EA004A4280 /* CharacterDetailAdapter.swift in Sources */,
				04FDC9652B8C1A8F0003EF23 /* CharacterPort.swift in Sources */,
				04ECE7172B8716C9004A4280 /* Origin.swift in Sources */,
				04ECE71D2B871A95004A4280 /* SingleLocation.swift in Sources */,
			);
			runOnlyForDeploymentPostprocessing = 0;
		};
		04ECE6DD2B870821004A4280 /* Sources */ = {
			isa = PBXSourcesBuildPhase;
			buildActionMask = 2147483647;
			files = (
				04ECE6E62B870821004A4280 /* Rick_and_MortyTests.swift in Sources */,
			);
			runOnlyForDeploymentPostprocessing = 0;
		};
		04ECE6E72B870821004A4280 /* Sources */ = {
			isa = PBXSourcesBuildPhase;
			buildActionMask = 2147483647;
			files = (
				04ECE6F02B870821004A4280 /* Rick_and_MortyUITests.swift in Sources */,
				04ECE6F22B870821004A4280 /* Rick_and_MortyUITestsLaunchTests.swift in Sources */,
			);
			runOnlyForDeploymentPostprocessing = 0;
		};
/* End PBXSourcesBuildPhase section */

/* Begin PBXTargetDependency section */
		04ECE6E32B870821004A4280 /* PBXTargetDependency */ = {
			isa = PBXTargetDependency;
			target = 04ECE6D02B87081F004A4280 /* Rick and Morty */;
			targetProxy = 04ECE6E22B870821004A4280 /* PBXContainerItemProxy */;
		};
		04ECE6ED2B870821004A4280 /* PBXTargetDependency */ = {
			isa = PBXTargetDependency;
			target = 04ECE6D02B87081F004A4280 /* Rick and Morty */;
			targetProxy = 04ECE6EC2B870821004A4280 /* PBXContainerItemProxy */;
		};
/* End PBXTargetDependency section */

/* Begin XCBuildConfiguration section */
		04ECE6F32B870821004A4280 /* Debug */ = {
			isa = XCBuildConfiguration;
			buildSettings = {
				ALWAYS_SEARCH_USER_PATHS = NO;
				CLANG_ANALYZER_NONNULL = YES;
				CLANG_ANALYZER_NUMBER_OBJECT_CONVERSION = YES_AGGRESSIVE;
				CLANG_CXX_LANGUAGE_STANDARD = "gnu++20";
				CLANG_ENABLE_MODULES = YES;
				CLANG_ENABLE_OBJC_ARC = YES;
				CLANG_ENABLE_OBJC_WEAK = YES;
				CLANG_WARN_BLOCK_CAPTURE_AUTORELEASING = YES;
				CLANG_WARN_BOOL_CONVERSION = YES;
				CLANG_WARN_COMMA = YES;
				CLANG_WARN_CONSTANT_CONVERSION = YES;
				CLANG_WARN_DEPRECATED_OBJC_IMPLEMENTATIONS = YES;
				CLANG_WARN_DIRECT_OBJC_ISA_USAGE = YES_ERROR;
				CLANG_WARN_DOCUMENTATION_COMMENTS = YES;
				CLANG_WARN_EMPTY_BODY = YES;
				CLANG_WARN_ENUM_CONVERSION = YES;
				CLANG_WARN_INFINITE_RECURSION = YES;
				CLANG_WARN_INT_CONVERSION = YES;
				CLANG_WARN_NON_LITERAL_NULL_CONVERSION = YES;
				CLANG_WARN_OBJC_IMPLICIT_RETAIN_SELF = YES;
				CLANG_WARN_OBJC_LITERAL_CONVERSION = YES;
				CLANG_WARN_OBJC_ROOT_CLASS = YES_ERROR;
				CLANG_WARN_QUOTED_INCLUDE_IN_FRAMEWORK_HEADER = YES;
				CLANG_WARN_RANGE_LOOP_ANALYSIS = YES;
				CLANG_WARN_STRICT_PROTOTYPES = YES;
				CLANG_WARN_SUSPICIOUS_MOVE = YES;
				CLANG_WARN_UNGUARDED_AVAILABILITY = YES_AGGRESSIVE;
				CLANG_WARN_UNREACHABLE_CODE = YES;
				CLANG_WARN__DUPLICATE_METHOD_MATCH = YES;
				COPY_PHASE_STRIP = NO;
				DEBUG_INFORMATION_FORMAT = dwarf;
				ENABLE_STRICT_OBJC_MSGSEND = YES;
				ENABLE_TESTABILITY = YES;
				GCC_C_LANGUAGE_STANDARD = gnu11;
				GCC_DYNAMIC_NO_PIC = NO;
				GCC_NO_COMMON_BLOCKS = YES;
				GCC_OPTIMIZATION_LEVEL = 0;
				GCC_PREPROCESSOR_DEFINITIONS = (
					"DEBUG=1",
					"$(inherited)",
				);
				GCC_WARN_64_TO_32_BIT_CONVERSION = YES;
				GCC_WARN_ABOUT_RETURN_TYPE = YES_ERROR;
				GCC_WARN_UNDECLARED_SELECTOR = YES;
				GCC_WARN_UNINITIALIZED_AUTOS = YES_AGGRESSIVE;
				GCC_WARN_UNUSED_FUNCTION = YES;
				GCC_WARN_UNUSED_VARIABLE = YES;
				IPHONEOS_DEPLOYMENT_TARGET = 16.4;
				MTL_ENABLE_DEBUG_INFO = INCLUDE_SOURCE;
				MTL_FAST_MATH = YES;
				ONLY_ACTIVE_ARCH = YES;
				SDKROOT = iphoneos;
				SWIFT_ACTIVE_COMPILATION_CONDITIONS = DEBUG;
				SWIFT_OPTIMIZATION_LEVEL = "-Onone";
			};
			name = Debug;
		};
		04ECE6F42B870821004A4280 /* Release */ = {
			isa = XCBuildConfiguration;
			buildSettings = {
				ALWAYS_SEARCH_USER_PATHS = NO;
				CLANG_ANALYZER_NONNULL = YES;
				CLANG_ANALYZER_NUMBER_OBJECT_CONVERSION = YES_AGGRESSIVE;
				CLANG_CXX_LANGUAGE_STANDARD = "gnu++20";
				CLANG_ENABLE_MODULES = YES;
				CLANG_ENABLE_OBJC_ARC = YES;
				CLANG_ENABLE_OBJC_WEAK = YES;
				CLANG_WARN_BLOCK_CAPTURE_AUTORELEASING = YES;
				CLANG_WARN_BOOL_CONVERSION = YES;
				CLANG_WARN_COMMA = YES;
				CLANG_WARN_CONSTANT_CONVERSION = YES;
				CLANG_WARN_DEPRECATED_OBJC_IMPLEMENTATIONS = YES;
				CLANG_WARN_DIRECT_OBJC_ISA_USAGE = YES_ERROR;
				CLANG_WARN_DOCUMENTATION_COMMENTS = YES;
				CLANG_WARN_EMPTY_BODY = YES;
				CLANG_WARN_ENUM_CONVERSION = YES;
				CLANG_WARN_INFINITE_RECURSION = YES;
				CLANG_WARN_INT_CONVERSION = YES;
				CLANG_WARN_NON_LITERAL_NULL_CONVERSION = YES;
				CLANG_WARN_OBJC_IMPLICIT_RETAIN_SELF = YES;
				CLANG_WARN_OBJC_LITERAL_CONVERSION = YES;
				CLANG_WARN_OBJC_ROOT_CLASS = YES_ERROR;
				CLANG_WARN_QUOTED_INCLUDE_IN_FRAMEWORK_HEADER = YES;
				CLANG_WARN_RANGE_LOOP_ANALYSIS = YES;
				CLANG_WARN_STRICT_PROTOTYPES = YES;
				CLANG_WARN_SUSPICIOUS_MOVE = YES;
				CLANG_WARN_UNGUARDED_AVAILABILITY = YES_AGGRESSIVE;
				CLANG_WARN_UNREACHABLE_CODE = YES;
				CLANG_WARN__DUPLICATE_METHOD_MATCH = YES;
				COPY_PHASE_STRIP = NO;
				DEBUG_INFORMATION_FORMAT = "dwarf-with-dsym";
				ENABLE_NS_ASSERTIONS = NO;
				ENABLE_STRICT_OBJC_MSGSEND = YES;
				GCC_C_LANGUAGE_STANDARD = gnu11;
				GCC_NO_COMMON_BLOCKS = YES;
				GCC_WARN_64_TO_32_BIT_CONVERSION = YES;
				GCC_WARN_ABOUT_RETURN_TYPE = YES_ERROR;
				GCC_WARN_UNDECLARED_SELECTOR = YES;
				GCC_WARN_UNINITIALIZED_AUTOS = YES_AGGRESSIVE;
				GCC_WARN_UNUSED_FUNCTION = YES;
				GCC_WARN_UNUSED_VARIABLE = YES;
				IPHONEOS_DEPLOYMENT_TARGET = 16.4;
				MTL_ENABLE_DEBUG_INFO = NO;
				MTL_FAST_MATH = YES;
				SDKROOT = iphoneos;
				SWIFT_COMPILATION_MODE = wholemodule;
				SWIFT_OPTIMIZATION_LEVEL = "-O";
				VALIDATE_PRODUCT = YES;
			};
			name = Release;
		};
		04ECE6F62B870821004A4280 /* Debug */ = {
			isa = XCBuildConfiguration;
			baseConfigurationReference = EE2C32FAE462E5C6EF42C45E /* Pods-Rick and Morty.debug.xcconfig */;
			buildSettings = {
				ASSETCATALOG_COMPILER_APPICON_NAME = AppIcon;
				ASSETCATALOG_COMPILER_GLOBAL_ACCENT_COLOR_NAME = AccentColor;
				CODE_SIGN_STYLE = Automatic;
				CURRENT_PROJECT_VERSION = 1;
				DEVELOPMENT_ASSET_PATHS = "\"Rick and Morty/Preview Content\"";
				DEVELOPMENT_TEAM = T7N7KLZ243;
				ENABLE_PREVIEWS = YES;
				GENERATE_INFOPLIST_FILE = YES;
				INFOPLIST_KEY_UIApplicationSceneManifest_Generation = YES;
				INFOPLIST_KEY_UIApplicationSupportsIndirectInputEvents = YES;
				INFOPLIST_KEY_UILaunchScreen_Generation = YES;
				INFOPLIST_KEY_UISupportedInterfaceOrientations_iPad = "UIInterfaceOrientationPortrait UIInterfaceOrientationPortraitUpsideDown UIInterfaceOrientationLandscapeLeft UIInterfaceOrientationLandscapeRight";
				INFOPLIST_KEY_UISupportedInterfaceOrientations_iPhone = "UIInterfaceOrientationPortrait UIInterfaceOrientationLandscapeLeft UIInterfaceOrientationLandscapeRight";
				LD_RUNPATH_SEARCH_PATHS = (
					"$(inherited)",
					"@executable_path/Frameworks",
				);
				MARKETING_VERSION = 1.0;
				PRODUCT_BUNDLE_IDENTIFIER = "com.carolina.carapia.Rick-and-Morty";
				PRODUCT_NAME = "$(TARGET_NAME)";
				SWIFT_EMIT_LOC_STRINGS = YES;
				SWIFT_VERSION = 5.0;
				TARGETED_DEVICE_FAMILY = "1,2";
			};
			name = Debug;
		};
		04ECE6F72B870821004A4280 /* Release */ = {
			isa = XCBuildConfiguration;
			baseConfigurationReference = 653ABD8F16F65C36731B89FD /* Pods-Rick and Morty.release.xcconfig */;
			buildSettings = {
				ASSETCATALOG_COMPILER_APPICON_NAME = AppIcon;
				ASSETCATALOG_COMPILER_GLOBAL_ACCENT_COLOR_NAME = AccentColor;
				CODE_SIGN_STYLE = Automatic;
				CURRENT_PROJECT_VERSION = 1;
				DEVELOPMENT_ASSET_PATHS = "\"Rick and Morty/Preview Content\"";
				DEVELOPMENT_TEAM = T7N7KLZ243;
				ENABLE_PREVIEWS = YES;
				GENERATE_INFOPLIST_FILE = YES;
				INFOPLIST_KEY_UIApplicationSceneManifest_Generation = YES;
				INFOPLIST_KEY_UIApplicationSupportsIndirectInputEvents = YES;
				INFOPLIST_KEY_UILaunchScreen_Generation = YES;
				INFOPLIST_KEY_UISupportedInterfaceOrientations_iPad = "UIInterfaceOrientationPortrait UIInterfaceOrientationPortraitUpsideDown UIInterfaceOrientationLandscapeLeft UIInterfaceOrientationLandscapeRight";
				INFOPLIST_KEY_UISupportedInterfaceOrientations_iPhone = "UIInterfaceOrientationPortrait UIInterfaceOrientationLandscapeLeft UIInterfaceOrientationLandscapeRight";
				LD_RUNPATH_SEARCH_PATHS = (
					"$(inherited)",
					"@executable_path/Frameworks",
				);
				MARKETING_VERSION = 1.0;
				PRODUCT_BUNDLE_IDENTIFIER = "com.carolina.carapia.Rick-and-Morty";
				PRODUCT_NAME = "$(TARGET_NAME)";
				SWIFT_EMIT_LOC_STRINGS = YES;
				SWIFT_VERSION = 5.0;
				TARGETED_DEVICE_FAMILY = "1,2";
			};
			name = Release;
		};
		04ECE6F92B870821004A4280 /* Debug */ = {
			isa = XCBuildConfiguration;
			baseConfigurationReference = 8048BE12EBACD1DB0110ADE5 /* Pods-Rick and MortyTests.debug.xcconfig */;
			buildSettings = {
				ALWAYS_EMBED_SWIFT_STANDARD_LIBRARIES = YES;
				BUNDLE_LOADER = "$(TEST_HOST)";
				CODE_SIGN_STYLE = Automatic;
				CURRENT_PROJECT_VERSION = 1;
				DEVELOPMENT_TEAM = T7N7KLZ243;
				GENERATE_INFOPLIST_FILE = YES;
				IPHONEOS_DEPLOYMENT_TARGET = 16.4;
				MARKETING_VERSION = 1.0;
				PRODUCT_BUNDLE_IDENTIFIER = "com.carolina.carapia.Rick-and-MortyTests";
				PRODUCT_NAME = "$(TARGET_NAME)";
				SWIFT_EMIT_LOC_STRINGS = NO;
				SWIFT_VERSION = 5.0;
				TARGETED_DEVICE_FAMILY = "1,2";
				TEST_HOST = "$(BUILT_PRODUCTS_DIR)/Rick and Morty.app/$(BUNDLE_EXECUTABLE_FOLDER_PATH)/Rick and Morty";
			};
			name = Debug;
		};
		04ECE6FA2B870821004A4280 /* Release */ = {
			isa = XCBuildConfiguration;
			baseConfigurationReference = 13E412F226E931D9E9AA578F /* Pods-Rick and MortyTests.release.xcconfig */;
			buildSettings = {
				ALWAYS_EMBED_SWIFT_STANDARD_LIBRARIES = YES;
				BUNDLE_LOADER = "$(TEST_HOST)";
				CODE_SIGN_STYLE = Automatic;
				CURRENT_PROJECT_VERSION = 1;
				DEVELOPMENT_TEAM = T7N7KLZ243;
				GENERATE_INFOPLIST_FILE = YES;
				IPHONEOS_DEPLOYMENT_TARGET = 16.4;
				MARKETING_VERSION = 1.0;
				PRODUCT_BUNDLE_IDENTIFIER = "com.carolina.carapia.Rick-and-MortyTests";
				PRODUCT_NAME = "$(TARGET_NAME)";
				SWIFT_EMIT_LOC_STRINGS = NO;
				SWIFT_VERSION = 5.0;
				TARGETED_DEVICE_FAMILY = "1,2";
				TEST_HOST = "$(BUILT_PRODUCTS_DIR)/Rick and Morty.app/$(BUNDLE_EXECUTABLE_FOLDER_PATH)/Rick and Morty";
			};
			name = Release;
		};
		04ECE6FC2B870821004A4280 /* Debug */ = {
			isa = XCBuildConfiguration;
			baseConfigurationReference = A68269AFD65673074EA1ADA2 /* Pods-Rick and Morty-Rick and MortyUITests.debug.xcconfig */;
			buildSettings = {
				ALWAYS_EMBED_SWIFT_STANDARD_LIBRARIES = YES;
				CODE_SIGN_STYLE = Automatic;
				CURRENT_PROJECT_VERSION = 1;
				DEVELOPMENT_TEAM = T7N7KLZ243;
				GENERATE_INFOPLIST_FILE = YES;
				MARKETING_VERSION = 1.0;
				PRODUCT_BUNDLE_IDENTIFIER = "com.carolina.carapia.Rick-and-MortyUITests";
				PRODUCT_NAME = "$(TARGET_NAME)";
				SWIFT_EMIT_LOC_STRINGS = NO;
				SWIFT_VERSION = 5.0;
				TARGETED_DEVICE_FAMILY = "1,2";
				TEST_TARGET_NAME = "Rick and Morty";
			};
			name = Debug;
		};
		04ECE6FD2B870821004A4280 /* Release */ = {
			isa = XCBuildConfiguration;
			baseConfigurationReference = 1DC51161017E07E47A45DEE4 /* Pods-Rick and Morty-Rick and MortyUITests.release.xcconfig */;
			buildSettings = {
				ALWAYS_EMBED_SWIFT_STANDARD_LIBRARIES = YES;
				CODE_SIGN_STYLE = Automatic;
				CURRENT_PROJECT_VERSION = 1;
				DEVELOPMENT_TEAM = T7N7KLZ243;
				GENERATE_INFOPLIST_FILE = YES;
				MARKETING_VERSION = 1.0;
				PRODUCT_BUNDLE_IDENTIFIER = "com.carolina.carapia.Rick-and-MortyUITests";
				PRODUCT_NAME = "$(TARGET_NAME)";
				SWIFT_EMIT_LOC_STRINGS = NO;
				SWIFT_VERSION = 5.0;
				TARGETED_DEVICE_FAMILY = "1,2";
				TEST_TARGET_NAME = "Rick and Morty";
			};
			name = Release;
		};
/* End XCBuildConfiguration section */

/* Begin XCConfigurationList section */
		04ECE6CC2B87081E004A4280 /* Build configuration list for PBXProject "Rick and Morty" */ = {
			isa = XCConfigurationList;
			buildConfigurations = (
				04ECE6F32B870821004A4280 /* Debug */,
				04ECE6F42B870821004A4280 /* Release */,
			);
			defaultConfigurationIsVisible = 0;
			defaultConfigurationName = Release;
		};
		04ECE6F52B870821004A4280 /* Build configuration list for PBXNativeTarget "Rick and Morty" */ = {
			isa = XCConfigurationList;
			buildConfigurations = (
				04ECE6F62B870821004A4280 /* Debug */,
				04ECE6F72B870821004A4280 /* Release */,
			);
			defaultConfigurationIsVisible = 0;
			defaultConfigurationName = Release;
		};
		04ECE6F82B870821004A4280 /* Build configuration list for PBXNativeTarget "Rick and MortyTests" */ = {
			isa = XCConfigurationList;
			buildConfigurations = (
				04ECE6F92B870821004A4280 /* Debug */,
				04ECE6FA2B870821004A4280 /* Release */,
			);
			defaultConfigurationIsVisible = 0;
			defaultConfigurationName = Release;
		};
		04ECE6FB2B870821004A4280 /* Build configuration list for PBXNativeTarget "Rick and MortyUITests" */ = {
			isa = XCConfigurationList;
			buildConfigurations = (
				04ECE6FC2B870821004A4280 /* Debug */,
				04ECE6FD2B870821004A4280 /* Release */,
			);
			defaultConfigurationIsVisible = 0;
			defaultConfigurationName = Release;
		};
/* End XCConfigurationList section */
	};
	rootObject = 04ECE6C92B87081E004A4280 /* Project object */;
}
